// !$*UTF8*$!
{
	archiveVersion = 1;
	classes = {
	};
	objectVersion = 46;
	objects = {

/* Begin PBXBuildFile section */
		07BA2CD81F14DDFC00EC4D69 /* main.m in Sources */ = {isa = PBXBuildFile; fileRef = 07BA2CD71F14DDFC00EC4D69 /* main.m */; };
		07BA2CDB1F14DDFC00EC4D69 /* AppDelegate.m in Sources */ = {isa = PBXBuildFile; fileRef = 07BA2CDA1F14DDFC00EC4D69 /* AppDelegate.m */; };
		07BA2CDE1F14DDFC00EC4D69 /* ViewController.m in Sources */ = {isa = PBXBuildFile; fileRef = 07BA2CDD1F14DDFC00EC4D69 /* ViewController.m */; };
		07BA2CE11F14DDFC00EC4D69 /* Main.storyboard in Resources */ = {isa = PBXBuildFile; fileRef = 07BA2CDF1F14DDFC00EC4D69 /* Main.storyboard */; };
		07BA2CE41F14DDFC00EC4D69 /* TestMultipleTarget.xcdatamodeld in Sources */ = {isa = PBXBuildFile; fileRef = 07BA2CE21F14DDFC00EC4D69 /* TestMultipleTarget.xcdatamodeld */; };
		07BA2CE61F14DDFC00EC4D69 /* Assets.xcassets in Resources */ = {isa = PBXBuildFile; fileRef = 07BA2CE51F14DDFC00EC4D69 /* Assets.xcassets */; };
		07BA2CE91F14DDFC00EC4D69 /* LaunchScreen.storyboard in Resources */ = {isa = PBXBuildFile; fileRef = 07BA2CE71F14DDFC00EC4D69 /* LaunchScreen.storyboard */; };
		07BA2CF41F14DDFC00EC4D69 /* TestMultipleTargetTests.m in Sources */ = {isa = PBXBuildFile; fileRef = 07BA2CF31F14DDFC00EC4D69 /* TestMultipleTargetTests.m */; };
		07BA2CFF1F14DDFC00EC4D69 /* TestMultipleTargetUITests.m in Sources */ = {isa = PBXBuildFile; fileRef = 07BA2CFE1F14DDFC00EC4D69 /* TestMultipleTargetUITests.m */; };
		07EAA0361F14E0EB00AF9080 /* ViewController.m in Sources */ = {isa = PBXBuildFile; fileRef = 07BA2CDD1F14DDFC00EC4D69 /* ViewController.m */; };
		07EAA0371F14E0EB00AF9080 /* AppDelegate.m in Sources */ = {isa = PBXBuildFile; fileRef = 07BA2CDA1F14DDFC00EC4D69 /* AppDelegate.m */; };
		07EAA0381F14E0EB00AF9080 /* TestMultipleTarget.xcdatamodeld in Sources */ = {isa = PBXBuildFile; fileRef = 07BA2CE21F14DDFC00EC4D69 /* TestMultipleTarget.xcdatamodeld */; };
		07EAA0391F14E0EB00AF9080 /* main.m in Sources */ = {isa = PBXBuildFile; fileRef = 07BA2CD71F14DDFC00EC4D69 /* main.m */; };
		07EAA03C1F14E0EB00AF9080 /* LaunchScreen.storyboard in Resources */ = {isa = PBXBuildFile; fileRef = 07BA2CE71F14DDFC00EC4D69 /* LaunchScreen.storyboard */; };
		07EAA03D1F14E0EB00AF9080 /* Assets.xcassets in Resources */ = {isa = PBXBuildFile; fileRef = 07BA2CE51F14DDFC00EC4D69 /* Assets.xcassets */; };
		07EAA03E1F14E0EB00AF9080 /* Main.storyboard in Resources */ = {isa = PBXBuildFile; fileRef = 07BA2CDF1F14DDFC00EC4D69 /* Main.storyboard */; };
/* End PBXBuildFile section */

/* Begin PBXContainerItemProxy section */
		07BA2CF01F14DDFC00EC4D69 /* PBXContainerItemProxy */ = {
			isa = PBXContainerItemProxy;
			containerPortal = 07BA2CCB1F14DDFC00EC4D69 /* Project object */;
			proxyType = 1;
			remoteGlobalIDString = 07BA2CD21F14DDFC00EC4D69;
			remoteInfo = TestMultipleTarget;
		};
		07BA2CFB1F14DDFC00EC4D69 /* PBXContainerItemProxy */ = {
			isa = PBXContainerItemProxy;
			containerPortal = 07BA2CCB1F14DDFC00EC4D69 /* Project object */;
			proxyType = 1;
			remoteGlobalIDString = 07BA2CD21F14DDFC00EC4D69;
			remoteInfo = TestMultipleTarget;
		};
/* End PBXContainerItemProxy section */

/* Begin PBXFileReference section */
		07BA2CD31F14DDFC00EC4D69 /* TestMultipleTarget.app */ = {isa = PBXFileReference; explicitFileType = wrapper.application; includeInIndex = 0; path = TestMultipleTarget.app; sourceTree = BUILT_PRODUCTS_DIR; };
		07BA2CD71F14DDFC00EC4D69 /* main.m */ = {isa = PBXFileReference; lastKnownFileType = sourcecode.c.objc; path = main.m; sourceTree = "<group>"; };
		07BA2CD91F14DDFC00EC4D69 /* AppDelegate.h */ = {isa = PBXFileReference; lastKnownFileType = sourcecode.c.h; path = AppDelegate.h; sourceTree = "<group>"; };
		07BA2CDA1F14DDFC00EC4D69 /* AppDelegate.m */ = {isa = PBXFileReference; lastKnownFileType = sourcecode.c.objc; path = AppDelegate.m; sourceTree = "<group>"; };
		07BA2CDC1F14DDFC00EC4D69 /* ViewController.h */ = {isa = PBXFileReference; lastKnownFileType = sourcecode.c.h; path = ViewController.h; sourceTree = "<group>"; };
		07BA2CDD1F14DDFC00EC4D69 /* ViewController.m */ = {isa = PBXFileReference; lastKnownFileType = sourcecode.c.objc; path = ViewController.m; sourceTree = "<group>"; };
		07BA2CE01F14DDFC00EC4D69 /* Base */ = {isa = PBXFileReference; lastKnownFileType = file.storyboard; name = Base; path = Base.lproj/Main.storyboard; sourceTree = "<group>"; };
		07BA2CE31F14DDFC00EC4D69 /* TestMultipleTarget.xcdatamodel */ = {isa = PBXFileReference; lastKnownFileType = wrapper.xcdatamodel; path = TestMultipleTarget.xcdatamodel; sourceTree = "<group>"; };
		07BA2CE51F14DDFC00EC4D69 /* Assets.xcassets */ = {isa = PBXFileReference; lastKnownFileType = folder.assetcatalog; path = Assets.xcassets; sourceTree = "<group>"; };
		07BA2CE81F14DDFC00EC4D69 /* Base */ = {isa = PBXFileReference; lastKnownFileType = file.storyboard; name = Base; path = Base.lproj/LaunchScreen.storyboard; sourceTree = "<group>"; };
		07BA2CEA1F14DDFC00EC4D69 /* Info.plist */ = {isa = PBXFileReference; lastKnownFileType = text.plist.xml; path = Info.plist; sourceTree = "<group>"; };
		07BA2CEF1F14DDFC00EC4D69 /* TestMultipleTargetTests.xctest */ = {isa = PBXFileReference; explicitFileType = wrapper.cfbundle; includeInIndex = 0; path = TestMultipleTargetTests.xctest; sourceTree = BUILT_PRODUCTS_DIR; };
		07BA2CF31F14DDFC00EC4D69 /* TestMultipleTargetTests.m */ = {isa = PBXFileReference; lastKnownFileType = sourcecode.c.objc; path = TestMultipleTargetTests.m; sourceTree = "<group>"; };
		07BA2CF51F14DDFC00EC4D69 /* Info.plist */ = {isa = PBXFileReference; lastKnownFileType = text.plist.xml; path = Info.plist; sourceTree = "<group>"; };
		07BA2CFA1F14DDFC00EC4D69 /* TestMultipleTargetUITests.xctest */ = {isa = PBXFileReference; explicitFileType = wrapper.cfbundle; includeInIndex = 0; path = TestMultipleTargetUITests.xctest; sourceTree = BUILT_PRODUCTS_DIR; };
		07BA2CFE1F14DDFC00EC4D69 /* TestMultipleTargetUITests.m */ = {isa = PBXFileReference; lastKnownFileType = sourcecode.c.objc; path = TestMultipleTargetUITests.m; sourceTree = "<group>"; };
		07BA2D001F14DDFC00EC4D69 /* Info.plist */ = {isa = PBXFileReference; lastKnownFileType = text.plist.xml; path = Info.plist; sourceTree = "<group>"; };
		07EAA0421F14E0EB00AF9080 /* TestMultipleTarget1.app */ = {isa = PBXFileReference; explicitFileType = wrapper.application; includeInIndex = 0; path = TestMultipleTarget1.app; sourceTree = BUILT_PRODUCTS_DIR; };
		07EAA0431F14E0EB00AF9080 /* TestMultipleTarget1-Info.plist */ = {isa = PBXFileReference; lastKnownFileType = text.plist.xml; name = "TestMultipleTarget1-Info.plist"; path = "/Users/swarupa/TestMultipleTarget/TestMultipleTarget/TestMultipleTarget1-Info.plist"; sourceTree = "<absolute>"; };
/* End PBXFileReference section */

/* Begin PBXFrameworksBuildPhase section */
		07BA2CD01F14DDFC00EC4D69 /* Frameworks */ = {
			isa = PBXFrameworksBuildPhase;
			buildActionMask = 2147483647;
			files = (
			);
			runOnlyForDeploymentPostprocessing = 0;
		};
		07BA2CEC1F14DDFC00EC4D69 /* Frameworks */ = {
			isa = PBXFrameworksBuildPhase;
			buildActionMask = 2147483647;
			files = (
			);
			runOnlyForDeploymentPostprocessing = 0;
		};
		07BA2CF71F14DDFC00EC4D69 /* Frameworks */ = {
			isa = PBXFrameworksBuildPhase;
			buildActionMask = 2147483647;
			files = (
			);
			runOnlyForDeploymentPostprocessing = 0;
		};
		07EAA03A1F14E0EB00AF9080 /* Frameworks */ = {
			isa = PBXFrameworksBuildPhase;
			buildActionMask = 2147483647;
			files = (
			);
			runOnlyForDeploymentPostprocessing = 0;
		};
/* End PBXFrameworksBuildPhase section */

/* Begin PBXGroup section */
		07BA2CCA1F14DDFC00EC4D69 = {
			isa = PBXGroup;
			children = (
				07BA2CD51F14DDFC00EC4D69 /* TestMultipleTarget */,
				07BA2CF21F14DDFC00EC4D69 /* TestMultipleTargetTests */,
				07BA2CFD1F14DDFC00EC4D69 /* TestMultipleTargetUITests */,
				07BA2CD41F14DDFC00EC4D69 /* Products */,
				07EAA0431F14E0EB00AF9080 /* TestMultipleTarget1-Info.plist */,
			);
			sourceTree = "<group>";
		};
		07BA2CD41F14DDFC00EC4D69 /* Products */ = {
			isa = PBXGroup;
			children = (
				07BA2CD31F14DDFC00EC4D69 /* TestMultipleTarget.app */,
				07BA2CEF1F14DDFC00EC4D69 /* TestMultipleTargetTests.xctest */,
				07BA2CFA1F14DDFC00EC4D69 /* TestMultipleTargetUITests.xctest */,
				07EAA0421F14E0EB00AF9080 /* TestMultipleTarget1.app */,
			);
			name = Products;
			sourceTree = "<group>";
		};
		07BA2CD51F14DDFC00EC4D69 /* TestMultipleTarget */ = {
			isa = PBXGroup;
			children = (
				07BA2CD91F14DDFC00EC4D69 /* AppDelegate.h */,
				07BA2CDA1F14DDFC00EC4D69 /* AppDelegate.m */,
				07BA2CDC1F14DDFC00EC4D69 /* ViewController.h */,
				07BA2CDD1F14DDFC00EC4D69 /* ViewController.m */,
				07BA2CDF1F14DDFC00EC4D69 /* Main.storyboard */,
				07BA2CE51F14DDFC00EC4D69 /* Assets.xcassets */,
				07BA2CE71F14DDFC00EC4D69 /* LaunchScreen.storyboard */,
				07BA2CEA1F14DDFC00EC4D69 /* Info.plist */,
				07BA2CE21F14DDFC00EC4D69 /* TestMultipleTarget.xcdatamodeld */,
				07BA2CD61F14DDFC00EC4D69 /* Supporting Files */,
			);
			path = TestMultipleTarget;
			sourceTree = "<group>";
		};
		07BA2CD61F14DDFC00EC4D69 /* Supporting Files */ = {
			isa = PBXGroup;
			children = (
				07BA2CD71F14DDFC00EC4D69 /* main.m */,
			);
			name = "Supporting Files";
			sourceTree = "<group>";
		};
		07BA2CF21F14DDFC00EC4D69 /* TestMultipleTargetTests */ = {
			isa = PBXGroup;
			children = (
				07BA2CF31F14DDFC00EC4D69 /* TestMultipleTargetTests.m */,
				07BA2CF51F14DDFC00EC4D69 /* Info.plist */,
			);
			path = TestMultipleTargetTests;
			sourceTree = "<group>";
		};
		07BA2CFD1F14DDFC00EC4D69 /* TestMultipleTargetUITests */ = {
			isa = PBXGroup;
			children = (
				07BA2CFE1F14DDFC00EC4D69 /* TestMultipleTargetUITests.m */,
				07BA2D001F14DDFC00EC4D69 /* Info.plist */,
			);
			path = TestMultipleTargetUITests;
			sourceTree = "<group>";
		};
/* End PBXGroup section */

/* Begin PBXNativeTarget section */
		07BA2CD21F14DDFC00EC4D69 /* TestMultipleTarget */ = {
			isa = PBXNativeTarget;
			buildConfigurationList = 07BA2D031F14DDFC00EC4D69 /* Build configuration list for PBXNativeTarget "TestMultipleTarget" */;
			buildPhases = (
				07BA2CCF1F14DDFC00EC4D69 /* Sources */,
				07BA2CD01F14DDFC00EC4D69 /* Frameworks */,
				07BA2CD11F14DDFC00EC4D69 /* Resources */,
			);
			buildRules = (
			);
			dependencies = (
			);
			name = TestMultipleTarget;
			productName = TestMultipleTarget;
			productReference = 07BA2CD31F14DDFC00EC4D69 /* TestMultipleTarget.app */;
			productType = "com.apple.product-type.application";
		};
		07BA2CEE1F14DDFC00EC4D69 /* TestMultipleTargetTests */ = {
			isa = PBXNativeTarget;
			buildConfigurationList = 07BA2D061F14DDFC00EC4D69 /* Build configuration list for PBXNativeTarget "TestMultipleTargetTests" */;
			buildPhases = (
				07BA2CEB1F14DDFC00EC4D69 /* Sources */,
				07BA2CEC1F14DDFC00EC4D69 /* Frameworks */,
				07BA2CED1F14DDFC00EC4D69 /* Resources */,
			);
			buildRules = (
			);
			dependencies = (
				07BA2CF11F14DDFC00EC4D69 /* PBXTargetDependency */,
			);
			name = TestMultipleTargetTests;
			productName = TestMultipleTargetTests;
			productReference = 07BA2CEF1F14DDFC00EC4D69 /* TestMultipleTargetTests.xctest */;
			productType = "com.apple.product-type.bundle.unit-test";
		};
		07BA2CF91F14DDFC00EC4D69 /* TestMultipleTargetUITests */ = {
			isa = PBXNativeTarget;
			buildConfigurationList = 07BA2D091F14DDFC00EC4D69 /* Build configuration list for PBXNativeTarget "TestMultipleTargetUITests" */;
			buildPhases = (
				07BA2CF61F14DDFC00EC4D69 /* Sources */,
				07BA2CF71F14DDFC00EC4D69 /* Frameworks */,
				07BA2CF81F14DDFC00EC4D69 /* Resources */,
			);
			buildRules = (
			);
			dependencies = (
				07BA2CFC1F14DDFC00EC4D69 /* PBXTargetDependency */,
			);
			name = TestMultipleTargetUITests;
			productName = TestMultipleTargetUITests;
			productReference = 07BA2CFA1F14DDFC00EC4D69 /* TestMultipleTargetUITests.xctest */;
			productType = "com.apple.product-type.bundle.ui-testing";
		};
		07EAA0341F14E0EB00AF9080 /* TestMultipleTarget1 */ = {
			isa = PBXNativeTarget;
			buildConfigurationList = 07EAA03F1F14E0EB00AF9080 /* Build configuration list for PBXNativeTarget "TestMultipleTarget1" */;
			buildPhases = (
				07EAA0351F14E0EB00AF9080 /* Sources */,
				07EAA03A1F14E0EB00AF9080 /* Frameworks */,
				07EAA03B1F14E0EB00AF9080 /* Resources */,
			);
			buildRules = (
			);
			dependencies = (
			);
			name = TestMultipleTarget1;
			productName = TestMultipleTarget;
			productReference = 07EAA0421F14E0EB00AF9080 /* TestMultipleTarget1.app */;
			productType = "com.apple.product-type.application";
		};
/* End PBXNativeTarget section */

/* Begin PBXProject section */
		07BA2CCB1F14DDFC00EC4D69 /* Project object */ = {
			isa = PBXProject;
			attributes = {
				LastUpgradeCheck = 0820;
				ORGANIZATIONNAME = "Creative Capsule";
				TargetAttributes = {
					07BA2CD21F14DDFC00EC4D69 = {
						CreatedOnToolsVersion = 8.2.1;
						DevelopmentTeam = 3DV85RL7V3;
						ProvisioningStyle = Automatic;
					};
					07BA2CEE1F14DDFC00EC4D69 = {
						CreatedOnToolsVersion = 8.2.1;
						DevelopmentTeam = 3DV85RL7V3;
						ProvisioningStyle = Automatic;
						TestTargetID = 07BA2CD21F14DDFC00EC4D69;
					};
					07BA2CF91F14DDFC00EC4D69 = {
						CreatedOnToolsVersion = 8.2.1;
						DevelopmentTeam = 3DV85RL7V3;
						ProvisioningStyle = Automatic;
						TestTargetID = 07BA2CD21F14DDFC00EC4D69;
					};
					07EAA0341F14E0EB00AF9080 = {
						DevelopmentTeam = 3DV85RL7V3;
					};
				};
			};
			buildConfigurationList = 07BA2CCE1F14DDFC00EC4D69 /* Build configuration list for PBXProject "TestMultipleTarget" */;
			compatibilityVersion = "Xcode 3.2";
			developmentRegion = English;
			hasScannedForEncodings = 0;
			knownRegions = (
				en,
				Base,
			);
			mainGroup = 07BA2CCA1F14DDFC00EC4D69;
			productRefGroup = 07BA2CD41F14DDFC00EC4D69 /* Products */;
			projectDirPath = "";
			projectRoot = "";
			targets = (
				07BA2CD21F14DDFC00EC4D69 /* TestMultipleTarget */,
				07BA2CEE1F14DDFC00EC4D69 /* TestMultipleTargetTests */,
				07BA2CF91F14DDFC00EC4D69 /* TestMultipleTargetUITests */,
				07EAA0341F14E0EB00AF9080 /* TestMultipleTarget1 */,
			);
		};
/* End PBXProject section */

/* Begin PBXResourcesBuildPhase section */
		07BA2CD11F14DDFC00EC4D69 /* Resources */ = {
			isa = PBXResourcesBuildPhase;
			buildActionMask = 2147483647;
			files = (
				07BA2CE91F14DDFC00EC4D69 /* LaunchScreen.storyboard in Resources */,
				07BA2CE61F14DDFC00EC4D69 /* Assets.xcassets in Resources */,
				07BA2CE11F14DDFC00EC4D69 /* Main.storyboard in Resources */,
			);
			runOnlyForDeploymentPostprocessing = 0;
		};
		07BA2CED1F14DDFC00EC4D69 /* Resources */ = {
			isa = PBXResourcesBuildPhase;
			buildActionMask = 2147483647;
			files = (
			);
			runOnlyForDeploymentPostprocessing = 0;
		};
		07BA2CF81F14DDFC00EC4D69 /* Resources */ = {
			isa = PBXResourcesBuildPhase;
			buildActionMask = 2147483647;
			files = (
			);
			runOnlyForDeploymentPostprocessing = 0;
		};
		07EAA03B1F14E0EB00AF9080 /* Resources */ = {
			isa = PBXResourcesBuildPhase;
			buildActionMask = 2147483647;
			files = (
				07EAA03C1F14E0EB00AF9080 /* LaunchScreen.storyboard in Resources */,
				07EAA03D1F14E0EB00AF9080 /* Assets.xcassets in Resources */,
				07EAA03E1F14E0EB00AF9080 /* Main.storyboard in Resources */,
			);
			runOnlyForDeploymentPostprocessing = 0;
		};
/* End PBXResourcesBuildPhase section */

/* Begin PBXSourcesBuildPhase section */
		07BA2CCF1F14DDFC00EC4D69 /* Sources */ = {
			isa = PBXSourcesBuildPhase;
			buildActionMask = 2147483647;
			files = (
				07BA2CDE1F14DDFC00EC4D69 /* ViewController.m in Sources */,
				07BA2CDB1F14DDFC00EC4D69 /* AppDelegate.m in Sources */,
				07BA2CE41F14DDFC00EC4D69 /* TestMultipleTarget.xcdatamodeld in Sources */,
				07BA2CD81F14DDFC00EC4D69 /* main.m in Sources */,
			);
			runOnlyForDeploymentPostprocessing = 0;
		};
		07BA2CEB1F14DDFC00EC4D69 /* Sources */ = {
			isa = PBXSourcesBuildPhase;
			buildActionMask = 2147483647;
			files = (
				07BA2CF41F14DDFC00EC4D69 /* TestMultipleTargetTests.m in Sources */,
			);
			runOnlyForDeploymentPostprocessing = 0;
		};
		07BA2CF61F14DDFC00EC4D69 /* Sources */ = {
			isa = PBXSourcesBuildPhase;
			buildActionMask = 2147483647;
			files = (
				07BA2CFF1F14DDFC00EC4D69 /* TestMultipleTargetUITests.m in Sources */,
			);
			runOnlyForDeploymentPostprocessing = 0;
		};
		07EAA0351F14E0EB00AF9080 /* Sources */ = {
			isa = PBXSourcesBuildPhase;
			buildActionMask = 2147483647;
			files = (
				07EAA0361F14E0EB00AF9080 /* ViewController.m in Sources */,
				07EAA0371F14E0EB00AF9080 /* AppDelegate.m in Sources */,
				07EAA0381F14E0EB00AF9080 /* TestMultipleTarget.xcdatamodeld in Sources */,
				07EAA0391F14E0EB00AF9080 /* main.m in Sources */,
			);
			runOnlyForDeploymentPostprocessing = 0;
		};
/* End PBXSourcesBuildPhase section */

/* Begin PBXTargetDependency section */
		07BA2CF11F14DDFC00EC4D69 /* PBXTargetDependency */ = {
			isa = PBXTargetDependency;
			target = 07BA2CD21F14DDFC00EC4D69 /* TestMultipleTarget */;
			targetProxy = 07BA2CF01F14DDFC00EC4D69 /* PBXContainerItemProxy */;
		};
		07BA2CFC1F14DDFC00EC4D69 /* PBXTargetDependency */ = {
			isa = PBXTargetDependency;
			target = 07BA2CD21F14DDFC00EC4D69 /* TestMultipleTarget */;
			targetProxy = 07BA2CFB1F14DDFC00EC4D69 /* PBXContainerItemProxy */;
		};
/* End PBXTargetDependency section */

/* Begin PBXVariantGroup section */
		07BA2CDF1F14DDFC00EC4D69 /* Main.storyboard */ = {
			isa = PBXVariantGroup;
			children = (
				07BA2CE01F14DDFC00EC4D69 /* Base */,
			);
			name = Main.storyboard;
			sourceTree = "<group>";
		};
		07BA2CE71F14DDFC00EC4D69 /* LaunchScreen.storyboard */ = {
			isa = PBXVariantGroup;
			children = (
				07BA2CE81F14DDFC00EC4D69 /* Base */,
			);
			name = LaunchScreen.storyboard;
			sourceTree = "<group>";
		};
/* End PBXVariantGroup section */

/* Begin XCBuildConfiguration section */
		07BA2D011F14DDFC00EC4D69 /* Debug */ = {
			isa = XCBuildConfiguration;
			buildSettings = {
				ALWAYS_SEARCH_USER_PATHS = NO;
				CLANG_ANALYZER_NONNULL = YES;
				CLANG_CXX_LANGUAGE_STANDARD = "gnu++0x";
				CLANG_CXX_LIBRARY = "libc++";
				CLANG_ENABLE_MODULES = YES;
				CLANG_ENABLE_OBJC_ARC = YES;
				CLANG_WARN_BOOL_CONVERSION = YES;
				CLANG_WARN_CONSTANT_CONVERSION = YES;
				CLANG_WARN_DIRECT_OBJC_ISA_USAGE = YES_ERROR;
				CLANG_WARN_DOCUMENTATION_COMMENTS = YES;
				CLANG_WARN_EMPTY_BODY = YES;
				CLANG_WARN_ENUM_CONVERSION = YES;
				CLANG_WARN_INFINITE_RECURSION = YES;
				CLANG_WARN_INT_CONVERSION = YES;
				CLANG_WARN_OBJC_ROOT_CLASS = YES_ERROR;
				CLANG_WARN_SUSPICIOUS_MOVE = YES;
				CLANG_WARN_UNREACHABLE_CODE = YES;
				CLANG_WARN__DUPLICATE_METHOD_MATCH = YES;
				"CODE_SIGN_IDENTITY[sdk=iphoneos*]" = "iPhone Developer";
				COPY_PHASE_STRIP = NO;
				DEBUG_INFORMATION_FORMAT = dwarf;
				ENABLE_STRICT_OBJC_MSGSEND = YES;
				ENABLE_TESTABILITY = YES;
				GCC_C_LANGUAGE_STANDARD = gnu99;
				GCC_DYNAMIC_NO_PIC = NO;
				GCC_NO_COMMON_BLOCKS = YES;
				GCC_OPTIMIZATION_LEVEL = 0;
				GCC_PREPROCESSOR_DEFINITIONS = (
					"DEBUG=1",
					"$(inherited)",
				);
				GCC_WARN_64_TO_32_BIT_CONVERSION = YES;
				GCC_WARN_ABOUT_RETURN_TYPE = YES_ERROR;
				GCC_WARN_UNDECLARED_SELECTOR = YES;
				GCC_WARN_UNINITIALIZED_AUTOS = YES_AGGRESSIVE;
				GCC_WARN_UNUSED_FUNCTION = YES;
				GCC_WARN_UNUSED_VARIABLE = YES;
				IPHONEOS_DEPLOYMENT_TARGET = 10.2;
				MTL_ENABLE_DEBUG_INFO = YES;
				ONLY_ACTIVE_ARCH = YES;
				SDKROOT = iphoneos;
				TARGETED_DEVICE_FAMILY = "1,2";
			};
			name = Debug;
		};
		07BA2D021F14DDFC00EC4D69 /* Release */ = {
			isa = XCBuildConfiguration;
			buildSettings = {
				ALWAYS_SEARCH_USER_PATHS = NO;
				CLANG_ANALYZER_NONNULL = YES;
				CLANG_CXX_LANGUAGE_STANDARD = "gnu++0x";
				CLANG_CXX_LIBRARY = "libc++";
				CLANG_ENABLE_MODULES = YES;
				CLANG_ENABLE_OBJC_ARC = YES;
				CLANG_WARN_BOOL_CONVERSION = YES;
				CLANG_WARN_CONSTANT_CONVERSION = YES;
				CLANG_WARN_DIRECT_OBJC_ISA_USAGE = YES_ERROR;
				CLANG_WARN_DOCUMENTATION_COMMENTS = YES;
				CLANG_WARN_EMPTY_BODY = YES;
				CLANG_WARN_ENUM_CONVERSION = YES;
				CLANG_WARN_INFINITE_RECURSION = YES;
				CLANG_WARN_INT_CONVERSION = YES;
				CLANG_WARN_OBJC_ROOT_CLASS = YES_ERROR;
				CLANG_WARN_SUSPICIOUS_MOVE = YES;
				CLANG_WARN_UNREACHABLE_CODE = YES;
				CLANG_WARN__DUPLICATE_METHOD_MATCH = YES;
				"CODE_SIGN_IDENTITY[sdk=iphoneos*]" = "iPhone Developer";
				COPY_PHASE_STRIP = NO;
				DEBUG_INFORMATION_FORMAT = "dwarf-with-dsym";
				ENABLE_NS_ASSERTIONS = NO;
				ENABLE_STRICT_OBJC_MSGSEND = YES;
				GCC_C_LANGUAGE_STANDARD = gnu99;
				GCC_NO_COMMON_BLOCKS = YES;
				GCC_WARN_64_TO_32_BIT_CONVERSION = YES;
				GCC_WARN_ABOUT_RETURN_TYPE = YES_ERROR;
				GCC_WARN_UNDECLARED_SELECTOR = YES;
				GCC_WARN_UNINITIALIZED_AUTOS = YES_AGGRESSIVE;
				GCC_WARN_UNUSED_FUNCTION = YES;
				GCC_WARN_UNUSED_VARIABLE = YES;
				IPHONEOS_DEPLOYMENT_TARGET = 10.2;
				MTL_ENABLE_DEBUG_INFO = NO;
				SDKROOT = iphoneos;
				TARGETED_DEVICE_FAMILY = "1,2";
				VALIDATE_PRODUCT = YES;
			};
			name = Release;
		};
		07BA2D041F14DDFC00EC4D69 /* Debug */ = {
			isa = XCBuildConfiguration;
			buildSettings = {
				ASSETCATALOG_COMPILER_APPICON_NAME = AppIcon;
				DEVELOPMENT_TEAM = 3DV85RL7V3;
				INFOPLIST_FILE = TestMultipleTarget/Info.plist;
				LD_RUNPATH_SEARCH_PATHS = "$(inherited) @executable_path/Frameworks";
				PRODUCT_BUNDLE_IDENTIFIER = com.creativecapsuleprojects.TestMultipleTarget;
				PRODUCT_NAME = "$(TARGET_NAME)";
			};
			name = Debug;
		};
		07BA2D051F14DDFC00EC4D69 /* Release */ = {
			isa = XCBuildConfiguration;
			buildSettings = {
				ASSETCATALOG_COMPILER_APPICON_NAME = AppIcon;
				DEVELOPMENT_TEAM = 3DV85RL7V3;
				INFOPLIST_FILE = TestMultipleTarget/Info.plist;
				LD_RUNPATH_SEARCH_PATHS = "$(inherited) @executable_path/Frameworks";
				PRODUCT_BUNDLE_IDENTIFIER = com.creativecapsuleprojects.TestMultipleTarget;
				PRODUCT_NAME = "$(TARGET_NAME)";
			};
			name = Release;
		};
		07BA2D071F14DDFC00EC4D69 /* Debug */ = {
			isa = XCBuildConfiguration;
			buildSettings = {
				BUNDLE_LOADER = "$(TEST_HOST)";
				DEVELOPMENT_TEAM = 3DV85RL7V3;
				INFOPLIST_FILE = TestMultipleTargetTests/Info.plist;
				LD_RUNPATH_SEARCH_PATHS = "$(inherited) @executable_path/Frameworks @loader_path/Frameworks";
				PRODUCT_BUNDLE_IDENTIFIER = com.creativecapsuleprojects.TestMultipleTargetTests;
				PRODUCT_NAME = "$(TARGET_NAME)";
				TEST_HOST = "$(BUILT_PRODUCTS_DIR)/TestMultipleTarget.app/TestMultipleTarget";
			};
			name = Debug;
		};
		07BA2D081F14DDFC00EC4D69 /* Release */ = {
			isa = XCBuildConfiguration;
			buildSettings = {
				BUNDLE_LOADER = "$(TEST_HOST)";
				DEVELOPMENT_TEAM = 3DV85RL7V3;
				INFOPLIST_FILE = TestMultipleTargetTests/Info.plist;
				LD_RUNPATH_SEARCH_PATHS = "$(inherited) @executable_path/Frameworks @loader_path/Frameworks";
				PRODUCT_BUNDLE_IDENTIFIER = com.creativecapsuleprojects.TestMultipleTargetTests;
				PRODUCT_NAME = "$(TARGET_NAME)";
				TEST_HOST = "$(BUILT_PRODUCTS_DIR)/TestMultipleTarget.app/TestMultipleTarget";
			};
			name = Release;
		};
		07BA2D0A1F14DDFC00EC4D69 /* Debug */ = {
			isa = XCBuildConfiguration;
			buildSettings = {
				DEVELOPMENT_TEAM = 3DV85RL7V3;
				INFOPLIST_FILE = TestMultipleTargetUITests/Info.plist;
				LD_RUNPATH_SEARCH_PATHS = "$(inherited) @executable_path/Frameworks @loader_path/Frameworks";
				PRODUCT_BUNDLE_IDENTIFIER = com.creativecapsuleprojects.TestMultipleTargetUITests;
				PRODUCT_NAME = "$(TARGET_NAME)";
				TEST_TARGET_NAME = TestMultipleTarget;
			};
			name = Debug;
		};
		07BA2D0B1F14DDFC00EC4D69 /* Release */ = {
			isa = XCBuildConfiguration;
			buildSettings = {
				DEVELOPMENT_TEAM = 3DV85RL7V3;
				INFOPLIST_FILE = TestMultipleTargetUITests/Info.plist;
				LD_RUNPATH_SEARCH_PATHS = "$(inherited) @executable_path/Frameworks @loader_path/Frameworks";
				PRODUCT_BUNDLE_IDENTIFIER = com.creativecapsuleprojects.TestMultipleTargetUITests;
				PRODUCT_NAME = "$(TARGET_NAME)";
				TEST_TARGET_NAME = TestMultipleTarget;
			};
			name = Release;
		};
		07EAA0401F14E0EB00AF9080 /* Debug */ = {
			isa = XCBuildConfiguration;
			buildSettings = {
				ASSETCATALOG_COMPILER_APPICON_NAME = AppIcon;
				DEVELOPMENT_TEAM = 3DV85RL7V3;
				INFOPLIST_FILE = "TestMultipleTarget1-Info.plist";
				LD_RUNPATH_SEARCH_PATHS = "$(inherited) @executable_path/Frameworks";
				PRODUCT_BUNDLE_IDENTIFIER = com.creativecapsuleprojects.TestMultipleTarget1;
				PRODUCT_NAME = "$(TARGET_NAME)";
				TARGETED_DEVICE_FAMILY = 1;
			};
			name = Debug;
		};
		07EAA0411F14E0EB00AF9080 /* Release */ = {
			isa = XCBuildConfiguration;
			buildSettings = {
				ASSETCATALOG_COMPILER_APPICON_NAME = AppIcon;
				DEVELOPMENT_TEAM = 3DV85RL7V3;
				INFOPLIST_FILE = "TestMultipleTarget1-Info.plist";
				LD_RUNPATH_SEARCH_PATHS = "$(inherited) @executable_path/Frameworks";
				PRODUCT_BUNDLE_IDENTIFIER = com.creativecapsuleprojects.TestMultipleTarget1;
				PRODUCT_NAME = "$(TARGET_NAME)";
				TARGETED_DEVICE_FAMILY = 1;
			};
			name = Release;
		};
/* End XCBuildConfiguration section */

/* Begin XCConfigurationList section */
		07BA2CCE1F14DDFC00EC4D69 /* Build configuration list for PBXProject "TestMultipleTarget" */ = {
			isa = XCConfigurationList;
			buildConfigurations = (
				07BA2D011F14DDFC00EC4D69 /* Debug */,
				07BA2D021F14DDFC00EC4D69 /* Release */,
			);
			defaultConfigurationIsVisible = 0;
			defaultConfigurationName = Release;
		};
		07BA2D031F14DDFC00EC4D69 /* Build configuration list for PBXNativeTarget "TestMultipleTarget" */ = {
			isa = XCConfigurationList;
			buildConfigurations = (
				07BA2D041F14DDFC00EC4D69 /* Debug */,
				07BA2D051F14DDFC00EC4D69 /* Release */,
			);
			defaultConfigurationIsVisible = 0;
			defaultConfigurationName = Release;
		};
		07BA2D061F14DDFC00EC4D69 /* Build configuration list for PBXNativeTarget "TestMultipleTargetTests" */ = {
			isa = XCConfigurationList;
			buildConfigurations = (
				07BA2D071F14DDFC00EC4D69 /* Debug */,
				07BA2D081F14DDFC00EC4D69 /* Release */,
			);
			defaultConfigurationIsVisible = 0;
			defaultConfigurationName = Release;
		};
		07BA2D091F14DDFC00EC4D69 /* Build configuration list for PBXNativeTarget "TestMultipleTargetUITests" */ = {
			isa = XCConfigurationList;
			buildConfigurations = (
				07BA2D0A1F14DDFC00EC4D69 /* Debug */,
				07BA2D0B1F14DDFC00EC4D69 /* Release */,
			);
			defaultConfigurationIsVisible = 0;
			defaultConfigurationName = Release;
		};
		07EAA03F1F14E0EB00AF9080 /* Build configuration list for PBXNativeTarget "TestMultipleTarget1" */ = {
			isa = XCConfigurationList;
			buildConfigurations = (
				07EAA0401F14E0EB00AF9080 /* Debug */,
				07EAA0411F14E0EB00AF9080 /* Release */,
			);
			defaultConfigurationIsVisible = 0;
			defaultConfigurationName = Release;
		};
/* End XCConfigurationList section */

/* Begin XCVersionGroup section */
		07BA2CE21F14DDFC00EC4D69 /* TestMultipleTarget.xcdatamodeld */ = {
			isa = XCVersionGroup;
			children = (
				07BA2CE31F14DDFC00EC4D69 /* TestMultipleTarget.xcdatamodel */,
			);
			currentVersion = 07BA2CE31F14DDFC00EC4D69 /* TestMultipleTarget.xcdatamodel */;
			path = TestMultipleTarget.xcdatamodeld;
			sourceTree = "<group>";
			versionGroupType = wrapper.xcdatamodel;
		};
/* End XCVersionGroup section */
	};
	rootObject = 07BA2CCB1F14DDFC00EC4D69 /* Project object */;
}
